
Microsoft Visual Studio Solution File, Format Version 12.00
# Visual Studio Version 16
VisualStudioVersion = 16.0.33529.622
MinimumVisualStudioVersion = 10.0.40219.1
Project("{8BC9CEB8-8B4A-11D0-8D11-00A0C91BC942}") = "MessageSpoofer", "MessageSpoofer\MessageSpoofer.vcxproj", "{F01E4345-1734-4990-87AB-53FC6A3C8527}"
EndProject
Global
	GlobalSection(SolutionConfigurationPlatforms) = preSolution
		Debug|x64 = Debug|x64
		Debug|x86 = Debug|x86
		Release|x64 = Release|x64
		Release|x86 = Release|x86
	EndGlobalSection
	GlobalSection(ProjectConfigurationPlatforms) = postSolution
		{F01E4345-1734-4990-87AB-53FC6A3C8527}.Debug|x64.ActiveCfg = Debug|x64
		{F01E4345-1734-4990-87AB-53FC6A3C8527}.Debug|x64.Build.0 = Debug|x64
		{F01E4345-1734-4990-87AB-53FC6A3C8527}.Debug|x86.ActiveCfg = Debug|Win32
		{F01E4345-1734-4990-87AB-53FC6A3C8527}.Debug|x86.Build.0 = Debug|Win32
		{F01E4345-1734-4990-87AB-53FC6A3C8527}.Release|x64.ActiveCfg = Release|x64
		{F01E4345-1734-4990-87AB-53FC6A3C8527}.Release|x64.Build.0 = Release|x64
		{F01E4345-1734-4990-87AB-53FC6A3C8527}.Release|x86.ActiveCfg = Release|Win32
		{F01E4345-1734-4990-87AB-53FC6A3C8527}.Release|x86.Build.0 = Release|Win32
	EndGlobalSection
	GlobalSection(SolutionProperties) = preSolution
		HideSolutionNode = FALSE
	EndGlobalSection
	GlobalSection(ExtensibilityGlobals) = postSolution
		SolutionGuid = {9FE699E3-CB4A-414B-B629-31596C0A377D}
	EndGlobalSection
EndGlobal
